// !$*UTF8*$!
{
	archiveVersion = 1;
	classes = {
	};
	objectVersion = 56;
	objects = {

/* Begin PBXBuildFile section */
		D8AFCA372C29EDDD0033D7B6 /* Final_Project__NelumApp.swift in Sources */ = {isa = PBXBuildFile; fileRef = D8AFCA362C29EDDD0033D7B6 /* Final_Project__NelumApp.swift */; };
		D8AFCA392C29EDDD0033D7B6 /* ContentView.swift in Sources */ = {isa = PBXBuildFile; fileRef = D8AFCA382C29EDDD0033D7B6 /* ContentView.swift */; };
		D8AFCA3B2C29EDE10033D7B6 /* Assets.xcassets in Resources */ = {isa = PBXBuildFile; fileRef = D8AFCA3A2C29EDE10033D7B6 /* Assets.xcassets */; };
		D8AFCA3E2C29EDE10033D7B6 /* Preview Assets.xcassets in Resources */ = {isa = PBXBuildFile; fileRef = D8AFCA3D2C29EDE10033D7B6 /* Preview Assets.xcassets */; };
		D8AFCA482C29EDE20033D7B6 /* Final_Project__NelumTests.swift in Sources */ = {isa = PBXBuildFile; fileRef = D8AFCA472C29EDE20033D7B6 /* Final_Project__NelumTests.swift */; };
		D8AFCA522C29EDE20033D7B6 /* Final_Project__NelumUITests.swift in Sources */ = {isa = PBXBuildFile; fileRef = D8AFCA512C29EDE20033D7B6 /* Final_Project__NelumUITests.swift */; };
		D8AFCA542C29EDE20033D7B6 /* Final_Project__NelumUITestsLaunchTests.swift in Sources */ = {isa = PBXBuildFile; fileRef = D8AFCA532C29EDE20033D7B6 /* Final_Project__NelumUITestsLaunchTests.swift */; };
/* End PBXBuildFile section */

/* Begin PBXContainerItemProxy section */
		D8AFCA442C29EDE20033D7B6 /* PBXContainerItemProxy */ = {
			isa = PBXContainerItemProxy;
			containerPortal = D8AFCA2B2C29EDDD0033D7B6 /* Project object */;
			proxyType = 1;
			remoteGlobalIDString = D8AFCA322C29EDDD0033D7B6;
			remoteInfo = "Final Project: Nelum";
		};
		D8AFCA4E2C29EDE20033D7B6 /* PBXContainerItemProxy */ = {
			isa = PBXContainerItemProxy;
			containerPortal = D8AFCA2B2C29EDDD0033D7B6 /* Project object */;
			proxyType = 1;
			remoteGlobalIDString = D8AFCA322C29EDDD0033D7B6;
			remoteInfo = "Final Project: Nelum";
		};
/* End PBXContainerItemProxy section */

/* Begin PBXFileReference section */
		D8AFCA332C29EDDD0033D7B6 /* Final Project: Nelum.app */ = {isa = PBXFileReference; explicitFileType = wrapper.application; includeInIndex = 0; path = "Final Project: Nelum.app"; sourceTree = BUILT_PRODUCTS_DIR; };
		D8AFCA362C29EDDD0033D7B6 /* Final_Project__NelumApp.swift */ = {isa = PBXFileReference; lastKnownFileType = sourcecode.swift; path = Final_Project__NelumApp.swift; sourceTree = "<group>"; };
		D8AFCA382C29EDDD0033D7B6 /* ContentView.swift */ = {isa = PBXFileReference; lastKnownFileType = sourcecode.swift; path = ContentView.swift; sourceTree = "<group>"; };
		D8AFCA3A2C29EDE10033D7B6 /* Assets.xcassets */ = {isa = PBXFileReference; lastKnownFileType = folder.assetcatalog; path = Assets.xcassets; sourceTree = "<group>"; };
		D8AFCA3D2C29EDE10033D7B6 /* Preview Assets.xcassets */ = {isa = PBXFileReference; lastKnownFileType = folder.assetcatalog; path = "Preview Assets.xcassets"; sourceTree = "<group>"; };
		D8AFCA432C29EDE20033D7B6 /* Final Project: NelumTests.xctest */ = {isa = PBXFileReference; explicitFileType = wrapper.cfbundle; includeInIndex = 0; path = "Final Project: NelumTests.xctest"; sourceTree = BUILT_PRODUCTS_DIR; };
		D8AFCA472C29EDE20033D7B6 /* Final_Project__NelumTests.swift */ = {isa = PBXFileReference; lastKnownFileType = sourcecode.swift; path = Final_Project__NelumTests.swift; sourceTree = "<group>"; };
		D8AFCA4D2C29EDE20033D7B6 /* Final Project: NelumUITests.xctest */ = {isa = PBXFileReference; explicitFileType = wrapper.cfbundle; includeInIndex = 0; path = "Final Project: NelumUITests.xctest"; sourceTree = BUILT_PRODUCTS_DIR; };
		D8AFCA512C29EDE20033D7B6 /* Final_Project__NelumUITests.swift */ = {isa = PBXFileReference; lastKnownFileType = sourcecode.swift; path = Final_Project__NelumUITests.swift; sourceTree = "<group>"; };
		D8AFCA532C29EDE20033D7B6 /* Final_Project__NelumUITestsLaunchTests.swift */ = {isa = PBXFileReference; lastKnownFileType = sourcecode.swift; path = Final_Project__NelumUITestsLaunchTests.swift; sourceTree = "<group>"; };
/* End PBXFileReference section */

/* Begin PBXFrameworksBuildPhase section */
		D8AFCA302C29EDDD0033D7B6 /* Frameworks */ = {
			isa = PBXFrameworksBuildPhase;
			buildActionMask = 2147483647;
			files = (
			);
			runOnlyForDeploymentPostprocessing = 0;
		};
		D8AFCA402C29EDE20033D7B6 /* Frameworks */ = {
			isa = PBXFrameworksBuildPhase;
			buildActionMask = 2147483647;
			files = (
			);
			runOnlyForDeploymentPostprocessing = 0;
		};
		D8AFCA4A2C29EDE20033D7B6 /* Frameworks */ = {
			isa = PBXFrameworksBuildPhase;
			buildActionMask = 2147483647;
			files = (
			);
			runOnlyForDeploymentPostprocessing = 0;
		};
/* End PBXFrameworksBuildPhase section */

/* Begin PBXGroup section */
		D8AFCA2A2C29EDDD0033D7B6 = {
			isa = PBXGroup;
			children = (
				D8AFCA352C29EDDD0033D7B6 /* Final Project: Nelum */,
				D8AFCA462C29EDE20033D7B6 /* Final Project: NelumTests */,
				D8AFCA502C29EDE20033D7B6 /* Final Project: NelumUITests */,
				D8AFCA342C29EDDD0033D7B6 /* Products */,
			);
			sourceTree = "<group>";
		};
		D8AFCA342C29EDDD0033D7B6 /* Products */ = {
			isa = PBXGroup;
			children = (
				D8AFCA332C29EDDD0033D7B6 /* Final Project: Nelum.app */,
				D8AFCA432C29EDE20033D7B6 /* Final Project: NelumTests.xctest */,
				D8AFCA4D2C29EDE20033D7B6 /* Final Project: NelumUITests.xctest */,
			);
			name = Products;
			sourceTree = "<group>";
		};
		D8AFCA352C29EDDD0033D7B6 /* Final Project: Nelum */ = {
			isa = PBXGroup;
			children = (
				D8AFCA362C29EDDD0033D7B6 /* Final_Project__NelumApp.swift */,
				D8AFCA382C29EDDD0033D7B6 /* ContentView.swift */,
				D8AFCA3A2C29EDE10033D7B6 /* Assets.xcassets */,
				D8AFCA3C2C29EDE10033D7B6 /* Preview Content */,
			);
			path = "Final Project: Nelum";
			sourceTree = "<group>";
		};
		D8AFCA3C2C29EDE10033D7B6 /* Preview Content */ = {
			isa = PBXGroup;
			children = (
				D8AFCA3D2C29EDE10033D7B6 /* Preview Assets.xcassets */,
			);
			path = "Preview Content";
			sourceTree = "<group>";
		};
		D8AFCA462C29EDE20033D7B6 /* Final Project: NelumTests */ = {
			isa = PBXGroup;
			children = (
				D8AFCA472C29EDE20033D7B6 /* Final_Project__NelumTests.swift */,
			);
			path = "Final Project: NelumTests";
			sourceTree = "<group>";
		};
		D8AFCA502C29EDE20033D7B6 /* Final Project: NelumUITests */ = {
			isa = PBXGroup;
			children = (
				D8AFCA512C29EDE20033D7B6 /* Final_Project__NelumUITests.swift */,
				D8AFCA532C29EDE20033D7B6 /* Final_Project__NelumUITestsLaunchTests.swift */,
			);
			path = "Final Project: NelumUITests";
			sourceTree = "<group>";
		};
/* End PBXGroup section */

/* Begin PBXNativeTarget section */
		D8AFCA322C29EDDD0033D7B6 /* Final Project: Nelum */ = {
			isa = PBXNativeTarget;
			buildConfigurationList = D8AFCA572C29EDE20033D7B6 /* Build configuration list for PBXNativeTarget "Final Project: Nelum" */;
			buildPhases = (
				D8AFCA2F2C29EDDD0033D7B6 /* Sources */,
				D8AFCA302C29EDDD0033D7B6 /* Frameworks */,
				D8AFCA312C29EDDD0033D7B6 /* Resources */,
			);
			buildRules = (
			);
			dependencies = (
			);
			name = "Final Project: Nelum";
			productName = "Final Project: Nelum";
			productReference = D8AFCA332C29EDDD0033D7B6 /* Final Project: Nelum.app */;
			productType = "com.apple.product-type.application";
		};
		D8AFCA422C29EDE20033D7B6 /* Final Project: NelumTests */ = {
			isa = PBXNativeTarget;
			buildConfigurationList = D8AFCA5A2C29EDE20033D7B6 /* Build configuration list for PBXNativeTarget "Final Project: NelumTests" */;
			buildPhases = (
				D8AFCA3F2C29EDE20033D7B6 /* Sources */,
				D8AFCA402C29EDE20033D7B6 /* Frameworks */,
				D8AFCA412C29EDE20033D7B6 /* Resources */,
			);
			buildRules = (
			);
			dependencies = (
				D8AFCA452C29EDE20033D7B6 /* PBXTargetDependency */,
			);
			name = "Final Project: NelumTests";
			productName = "Final Project: NelumTests";
			productReference = D8AFCA432C29EDE20033D7B6 /* Final Project: NelumTests.xctest */;
			productType = "com.apple.product-type.bundle.unit-test";
		};
		D8AFCA4C2C29EDE20033D7B6 /* Final Project: NelumUITests */ = {
			isa = PBXNativeTarget;
			buildConfigurationList = D8AFCA5D2C29EDE20033D7B6 /* Build configuration list for PBXNativeTarget "Final Project: NelumUITests" */;
			buildPhases = (
				D8AFCA492C29EDE20033D7B6 /* Sources */,
				D8AFCA4A2C29EDE20033D7B6 /* Frameworks */,
				D8AFCA4B2C29EDE20033D7B6 /* Resources */,
			);
			buildRules = (
			);
			dependencies = (
				D8AFCA4F2C29EDE20033D7B6 /* PBXTargetDependency */,
			);
			name = "Final Project: NelumUITests";
			productName = "Final Project: NelumUITests";
			productReference = D8AFCA4D2C29EDE20033D7B6 /* Final Project: NelumUITests.xctest */;
			productType = "com.apple.product-type.bundle.ui-testing";
		};
/* End PBXNativeTarget section */

/* Begin PBXProject section */
		D8AFCA2B2C29EDDD0033D7B6 /* Project object */ = {
			isa = PBXProject;
			attributes = {
				BuildIndependentTargetsInParallel = 1;
				LastSwiftUpdateCheck = 1540;
				LastUpgradeCheck = 1540;
				TargetAttributes = {
					D8AFCA322C29EDDD0033D7B6 = {
						CreatedOnToolsVersion = 15.4;
					};
					D8AFCA422C29EDE20033D7B6 = {
						CreatedOnToolsVersion = 15.4;
						TestTargetID = D8AFCA322C29EDDD0033D7B6;
					};
					D8AFCA4C2C29EDE20033D7B6 = {
						CreatedOnToolsVersion = 15.4;
						TestTargetID = D8AFCA322C29EDDD0033D7B6;
					};
				};
			};
			buildConfigurationList = D8AFCA2E2C29EDDD0033D7B6 /* Build configuration list for PBXProject "Final Project: Nelum" */;
			compatibilityVersion = "Xcode 14.0";
			developmentRegion = en;
			hasScannedForEncodings = 0;
			knownRegions = (
				en,
				Base,
			);
			mainGroup = D8AFCA2A2C29EDDD0033D7B6;
			productRefGroup = D8AFCA342C29EDDD0033D7B6 /* Products */;
			projectDirPath = "";
			projectRoot = "";
			targets = (
				D8AFCA322C29EDDD0033D7B6 /* Final Project: Nelum */,
				D8AFCA422C29EDE20033D7B6 /* Final Project: NelumTests */,
				D8AFCA4C2C29EDE20033D7B6 /* Final Project: NelumUITests */,
			);
		};
/* End PBXProject section */

/* Begin PBXResourcesBuildPhase section */
		D8AFCA312C29EDDD0033D7B6 /* Resources */ = {
			isa = PBXResourcesBuildPhase;
			buildActionMask = 2147483647;
			files = (
				D8AFCA3E2C29EDE10033D7B6 /* Preview Assets.xcassets in Resources */,
				D8AFCA3B2C29EDE10033D7B6 /* Assets.xcassets in Resources */,
			);
			runOnlyForDeploymentPostprocessing = 0;
		};
		D8AFCA412C29EDE20033D7B6 /* Resources */ = {
			isa = PBXResourcesBuildPhase;
			buildActionMask = 2147483647;
			files = (
			);
			runOnlyForDeploymentPostprocessing = 0;
		};
		D8AFCA4B2C29EDE20033D7B6 /* Resources */ = {
			isa = PBXResourcesBuildPhase;
			buildActionMask = 2147483647;
			files = (
			);
			runOnlyForDeploymentPostprocessing = 0;
		};
/* End PBXResourcesBuildPhase section */

/* Begin PBXSourcesBuildPhase section */
		D8AFCA2F2C29EDDD0033D7B6 /* Sources */ = {
			isa = PBXSourcesBuildPhase;
			buildActionMask = 2147483647;
			files = (
				D8AFCA392C29EDDD0033D7B6 /* ContentView.swift in Sources */,
				D8AFCA372C29EDDD0033D7B6 /* Final_Project__NelumApp.swift in Sources */,
			);
			runOnlyForDeploymentPostprocessing = 0;
		};
		D8AFCA3F2C29EDE20033D7B6 /* Sources */ = {
			isa = PBXSourcesBuildPhase;
			buildActionMask = 2147483647;
			files = (
				D8AFCA482C29EDE20033D7B6 /* Final_Project__NelumTests.swift in Sources */,
			);
			runOnlyForDeploymentPostprocessing = 0;
		};
		D8AFCA492C29EDE20033D7B6 /* Sources */ = {
			isa = PBXSourcesBuildPhase;
			buildActionMask = 2147483647;
			files = (
				D8AFCA522C29EDE20033D7B6 /* Final_Project__NelumUITests.swift in Sources */,
				D8AFCA542C29EDE20033D7B6 /* Final_Project__NelumUITestsLaunchTests.swift in Sources */,
			);
			runOnlyForDeploymentPostprocessing = 0;
		};
/* End PBXSourcesBuildPhase section */

/* Begin PBXTargetDependency section */
		D8AFCA452C29EDE20033D7B6 /* PBXTargetDependency */ = {
			isa = PBXTargetDependency;
			target = D8AFCA322C29EDDD0033D7B6 /* Final Project: Nelum */;
			targetProxy = D8AFCA442C29EDE20033D7B6 /* PBXContainerItemProxy */;
		};
		D8AFCA4F2C29EDE20033D7B6 /* PBXTargetDependency */ = {
			isa = PBXTargetDependency;
			target = D8AFCA322C29EDDD0033D7B6 /* Final Project: Nelum */;
			targetProxy = D8AFCA4E2C29EDE20033D7B6 /* PBXContainerItemProxy */;
		};
/* End PBXTargetDependency section */

/* Begin XCBuildConfiguration section */
		D8AFCA552C29EDE20033D7B6 /* Debug */ = {
			isa = XCBuildConfiguration;
			buildSettings = {
				ALWAYS_SEARCH_USER_PATHS = NO;
				ASSETCATALOG_COMPILER_GENERATE_SWIFT_ASSET_SYMBOL_EXTENSIONS = YES;
				CLANG_ANALYZER_NONNULL = YES;
				CLANG_ANALYZER_NUMBER_OBJECT_CONVERSION = YES_AGGRESSIVE;
				CLANG_CXX_LANGUAGE_STANDARD = "gnu++20";
				CLANG_ENABLE_MODULES = YES;
				CLANG_ENABLE_OBJC_ARC = YES;
				CLANG_ENABLE_OBJC_WEAK = YES;
				CLANG_WARN_BLOCK_CAPTURE_AUTORELEASING = YES;
				CLANG_WARN_BOOL_CONVERSION = YES;
				CLANG_WARN_COMMA = YES;
				CLANG_WARN_CONSTANT_CONVERSION = YES;
				CLANG_WARN_DEPRECATED_OBJC_IMPLEMENTATIONS = YES;
				CLANG_WARN_DIRECT_OBJC_ISA_USAGE = YES_ERROR;
				CLANG_WARN_DOCUMENTATION_COMMENTS = YES;
				CLANG_WARN_EMPTY_BODY = YES;
				CLANG_WARN_ENUM_CONVERSION = YES;
				CLANG_WARN_INFINITE_RECURSION = YES;
				CLANG_WARN_INT_CONVERSION = YES;
				CLANG_WARN_NON_LITERAL_NULL_CONVERSION = YES;
				CLANG_WARN_OBJC_IMPLICIT_RETAIN_SELF = YES;
				CLANG_WARN_OBJC_LITERAL_CONVERSION = YES;
				CLANG_WARN_OBJC_ROOT_CLASS = YES_ERROR;
				CLANG_WARN_QUOTED_INCLUDE_IN_FRAMEWORK_HEADER = YES;
				CLANG_WARN_RANGE_LOOP_ANALYSIS = YES;
				CLANG_WARN_STRICT_PROTOTYPES = YES;
				CLANG_WARN_SUSPICIOUS_MOVE = YES;
				CLANG_WARN_UNGUARDED_AVAILABILITY = YES_AGGRESSIVE;
				CLANG_WARN_UNREACHABLE_CODE = YES;
				CLANG_WARN__DUPLICATE_METHOD_MATCH = YES;
				COPY_PHASE_STRIP = NO;
				DEBUG_INFORMATION_FORMAT = dwarf;
				ENABLE_STRICT_OBJC_MSGSEND = YES;
				ENABLE_TESTABILITY = YES;
				ENABLE_USER_SCRIPT_SANDBOXING = YES;
				GCC_C_LANGUAGE_STANDARD = gnu17;
				GCC_DYNAMIC_NO_PIC = NO;
				GCC_NO_COMMON_BLOCKS = YES;
				GCC_OPTIMIZATION_LEVEL = 0;
				GCC_PREPROCESSOR_DEFINITIONS = (
					"DEBUG=1",
					"$(inherited)",
				);
				GCC_WARN_64_TO_32_BIT_CONVERSION = YES;
				GCC_WARN_ABOUT_RETURN_TYPE = YES_ERROR;
				GCC_WARN_UNDECLARED_SELECTOR = YES;
				GCC_WARN_UNINITIALIZED_AUTOS = YES_AGGRESSIVE;
				GCC_WARN_UNUSED_FUNCTION = YES;
				GCC_WARN_UNUSED_VARIABLE = YES;
				IPHONEOS_DEPLOYMENT_TARGET = 17.5;
				LOCALIZATION_PREFERS_STRING_CATALOGS = YES;
				MTL_ENABLE_DEBUG_INFO = INCLUDE_SOURCE;
				MTL_FAST_MATH = YES;
				ONLY_ACTIVE_ARCH = YES;
				SDKROOT = iphoneos;
				SWIFT_ACTIVE_COMPILATION_CONDITIONS = "DEBUG $(inherited)";
				SWIFT_OPTIMIZATION_LEVEL = "-Onone";
			};
			name = Debug;
		};
		D8AFCA562C29EDE20033D7B6 /* Release */ = {
			isa = XCBuildConfiguration;
			buildSettings = {
				ALWAYS_SEARCH_USER_PATHS = NO;
				ASSETCATALOG_COMPILER_GENERATE_SWIFT_ASSET_SYMBOL_EXTENSIONS = YES;
				CLANG_ANALYZER_NONNULL = YES;
				CLANG_ANALYZER_NUMBER_OBJECT_CONVERSION = YES_AGGRESSIVE;
				CLANG_CXX_LANGUAGE_STANDARD = "gnu++20";
				CLANG_ENABLE_MODULES = YES;
				CLANG_ENABLE_OBJC_ARC = YES;
				CLANG_ENABLE_OBJC_WEAK = YES;
				CLANG_WARN_BLOCK_CAPTURE_AUTORELEASING = YES;
				CLANG_WARN_BOOL_CONVERSION = YES;
				CLANG_WARN_COMMA = YES;
				CLANG_WARN_CONSTANT_CONVERSION = YES;
				CLANG_WARN_DEPRECATED_OBJC_IMPLEMENTATIONS = YES;
				CLANG_WARN_DIRECT_OBJC_ISA_USAGE = YES_ERROR;
				CLANG_WARN_DOCUMENTATION_COMMENTS = YES;
				CLANG_WARN_EMPTY_BODY = YES;
				CLANG_WARN_ENUM_CONVERSION = YES;
				CLANG_WARN_INFINITE_RECURSION = YES;
				CLANG_WARN_INT_CONVERSION = YES;
				CLANG_WARN_NON_LITERAL_NULL_CONVERSION = YES;
				CLANG_WARN_OBJC_IMPLICIT_RETAIN_SELF = YES;
				CLANG_WARN_OBJC_LITERAL_CONVERSION = YES;
				CLANG_WARN_OBJC_ROOT_CLASS = YES_ERROR;
				CLANG_WARN_QUOTED_INCLUDE_IN_FRAMEWORK_HEADER = YES;
				CLANG_WARN_RANGE_LOOP_ANALYSIS = YES;
				CLANG_WARN_STRICT_PROTOTYPES = YES;
				CLANG_WARN_SUSPICIOUS_MOVE = YES;
				CLANG_WARN_UNGUARDED_AVAILABILITY = YES_AGGRESSIVE;
				CLANG_WARN_UNREACHABLE_CODE = YES;
				CLANG_WARN__DUPLICATE_METHOD_MATCH = YES;
				COPY_PHASE_STRIP = NO;
				DEBUG_INFORMATION_FORMAT = "dwarf-with-dsym";
				ENABLE_NS_ASSERTIONS = NO;
				ENABLE_STRICT_OBJC_MSGSEND = YES;
				ENABLE_USER_SCRIPT_SANDBOXING = YES;
				GCC_C_LANGUAGE_STANDARD = gnu17;
				GCC_NO_COMMON_BLOCKS = YES;
				GCC_WARN_64_TO_32_BIT_CONVERSION = YES;
				GCC_WARN_ABOUT_RETURN_TYPE = YES_ERROR;
				GCC_WARN_UNDECLARED_SELECTOR = YES;
				GCC_WARN_UNINITIALIZED_AUTOS = YES_AGGRESSIVE;
				GCC_WARN_UNUSED_FUNCTION = YES;
				GCC_WARN_UNUSED_VARIABLE = YES;
				IPHONEOS_DEPLOYMENT_TARGET = 17.5;
				LOCALIZATION_PREFERS_STRING_CATALOGS = YES;
				MTL_ENABLE_DEBUG_INFO = NO;
				MTL_FAST_MATH = YES;
				SDKROOT = iphoneos;
				SWIFT_COMPILATION_MODE = wholemodule;
				VALIDATE_PRODUCT = YES;
			};
			name = Release;
		};
		D8AFCA582C29EDE20033D7B6 /* Debug */ = {
			isa = XCBuildConfiguration;
			buildSettings = {
				ASSETCATALOG_COMPILER_APPICON_NAME = AppIcon;
				ASSETCATALOG_COMPILER_GLOBAL_ACCENT_COLOR_NAME = AccentColor;
				CODE_SIGN_STYLE = Automatic;
				CURRENT_PROJECT_VERSION = 1;
				DEVELOPMENT_ASSET_PATHS = "\"Final Project: Nelum/Preview Content\"";
				ENABLE_PREVIEWS = YES;
				GENERATE_INFOPLIST_FILE = YES;
				INFOPLIST_KEY_UIApplicationSceneManifest_Generation = YES;
				INFOPLIST_KEY_UIApplicationSupportsIndirectInputEvents = YES;
				INFOPLIST_KEY_UILaunchScreen_Generation = YES;
				INFOPLIST_KEY_UISupportedInterfaceOrientations_iPad = "UIInterfaceOrientationPortrait UIInterfaceOrientationPortraitUpsideDown UIInterfaceOrientationLandscapeLeft UIInterfaceOrientationLandscapeRight";
				INFOPLIST_KEY_UISupportedInterfaceOrientations_iPhone = "UIInterfaceOrientationPortrait UIInterfaceOrientationLandscapeLeft UIInterfaceOrientationLandscapeRight";
				LD_RUNPATH_SEARCH_PATHS = (
					"$(inherited)",
					"@executable_path/Frameworks",
				);
				MARKETING_VERSION = 1.0;
				PRODUCT_BUNDLE_IDENTIFIER = "Kode-With-Klossy.Final-Project--Nelum";
				PRODUCT_NAME = "$(TARGET_NAME)";
				SWIFT_EMIT_LOC_STRINGS = YES;
				SWIFT_VERSION = 5.0;
				TARGETED_DEVICE_FAMILY = "1,2";
			};
			name = Debug;
		};
		D8AFCA592C29EDE20033D7B6 /* Release */ = {
			isa = XCBuildConfiguration;
			buildSettings = {
				ASSETCATALOG_COMPILER_APPICON_NAME = AppIcon;
				ASSETCATALOG_COMPILER_GLOBAL_ACCENT_COLOR_NAME = AccentColor;
				CODE_SIGN_STYLE = Automatic;
				CURRENT_PROJECT_VERSION = 1;
				DEVELOPMENT_ASSET_PATHS = "\"Final Project: Nelum/Preview Content\"";
				ENABLE_PREVIEWS = YES;
				GENERATE_INFOPLIST_FILE = YES;
				INFOPLIST_KEY_UIApplicationSceneManifest_Generation = YES;
				INFOPLIST_KEY_UIApplicationSupportsIndirectInputEvents = YES;
				INFOPLIST_KEY_UILaunchScreen_Generation = YES;
				INFOPLIST_KEY_UISupportedInterfaceOrientations_iPad = "UIInterfaceOrientationPortrait UIInterfaceOrientationPortraitUpsideDown UIInterfaceOrientationLandscapeLeft UIInterfaceOrientationLandscapeRight";
				INFOPLIST_KEY_UISupportedInterfaceOrientations_iPhone = "UIInterfaceOrientationPortrait UIInterfaceOrientationLandscapeLeft UIInterfaceOrientationLandscapeRight";
				LD_RUNPATH_SEARCH_PATHS = (
					"$(inherited)",
					"@executable_path/Frameworks",
				);
				MARKETING_VERSION = 1.0;
				PRODUCT_BUNDLE_IDENTIFIER = "Kode-With-Klossy.Final-Project--Nelum";
				PRODUCT_NAME = "$(TARGET_NAME)";
				SWIFT_EMIT_LOC_STRINGS = YES;
				SWIFT_VERSION = 5.0;
				TARGETED_DEVICE_FAMILY = "1,2";
			};
			name = Release;
		};
		D8AFCA5B2C29EDE20033D7B6 /* Debug */ = {
			isa = XCBuildConfiguration;
			buildSettings = {
				ALWAYS_EMBED_SWIFT_STANDARD_LIBRARIES = YES;
				BUNDLE_LOADER = "$(TEST_HOST)";
				CODE_SIGN_STYLE = Automatic;
				CURRENT_PROJECT_VERSION = 1;
				GENERATE_INFOPLIST_FILE = YES;
				IPHONEOS_DEPLOYMENT_TARGET = 17.5;
				MARKETING_VERSION = 1.0;
				PRODUCT_BUNDLE_IDENTIFIER = "Kode-With-Klossy.Final-Project--NelumTests";
				PRODUCT_NAME = "$(TARGET_NAME)";
				SWIFT_EMIT_LOC_STRINGS = NO;
				SWIFT_VERSION = 5.0;
				TARGETED_DEVICE_FAMILY = "1,2";
				TEST_HOST = "$(BUILT_PRODUCTS_DIR)/Final Project: Nelum.app/$(BUNDLE_EXECUTABLE_FOLDER_PATH)/Final Project: Nelum";
			};
			name = Debug;
		};
		D8AFCA5C2C29EDE20033D7B6 /* Release */ = {
			isa = XCBuildConfiguration;
			buildSettings = {
				ALWAYS_EMBED_SWIFT_STANDARD_LIBRARIES = YES;
				BUNDLE_LOADER = "$(TEST_HOST)";
				CODE_SIGN_STYLE = Automatic;
				CURRENT_PROJECT_VERSION = 1;
				GENERATE_INFOPLIST_FILE = YES;
				IPHONEOS_DEPLOYMENT_TARGET = 17.5;
				MARKETING_VERSION = 1.0;
				PRODUCT_BUNDLE_IDENTIFIER = "Kode-With-Klossy.Final-Project--NelumTests";
				PRODUCT_NAME = "$(TARGET_NAME)";
				SWIFT_EMIT_LOC_STRINGS = NO;
				SWIFT_VERSION = 5.0;
				TARGETED_DEVICE_FAMILY = "1,2";
				TEST_HOST = "$(BUILT_PRODUCTS_DIR)/Final Project: Nelum.app/$(BUNDLE_EXECUTABLE_FOLDER_PATH)/Final Project: Nelum";
			};
			name = Release;
		};
		D8AFCA5E2C29EDE20033D7B6 /* Debug */ = {
			isa = XCBuildConfiguration;
			buildSettings = {
				ALWAYS_EMBED_SWIFT_STANDARD_LIBRARIES = YES;
				CODE_SIGN_STYLE = Automatic;
				CURRENT_PROJECT_VERSION = 1;
				GENERATE_INFOPLIST_FILE = YES;
				MARKETING_VERSION = 1.0;
				PRODUCT_BUNDLE_IDENTIFIER = "Kode-With-Klossy.Final-Project--NelumUITests";
				PRODUCT_NAME = "$(TARGET_NAME)";
				SWIFT_EMIT_LOC_STRINGS = NO;
				SWIFT_VERSION = 5.0;
				TARGETED_DEVICE_FAMILY = "1,2";
				TEST_TARGET_NAME = "Final Project: Nelum";
			};
			name = Debug;
		};
		D8AFCA5F2C29EDE20033D7B6 /* Release */ = {
			isa = XCBuildConfiguration;
			buildSettings = {
				ALWAYS_EMBED_SWIFT_STANDARD_LIBRARIES = YES;
				CODE_SIGN_STYLE = Automatic;
				CURRENT_PROJECT_VERSION = 1;
				GENERATE_INFOPLIST_FILE = YES;
				MARKETING_VERSION = 1.0;
				PRODUCT_BUNDLE_IDENTIFIER = "Kode-With-Klossy.Final-Project--NelumUITests";
				PRODUCT_NAME = "$(TARGET_NAME)";
				SWIFT_EMIT_LOC_STRINGS = NO;
				SWIFT_VERSION = 5.0;
				TARGETED_DEVICE_FAMILY = "1,2";
				TEST_TARGET_NAME = "Final Project: Nelum";
			};
			name = Release;
		};
/* End XCBuildConfiguration section */

/* Begin XCConfigurationList section */
		D8AFCA2E2C29EDDD0033D7B6 /* Build configuration list for PBXProject "Final Project: Nelum" */ = {
			isa = XCConfigurationList;
			buildConfigurations = (
				D8AFCA552C29EDE20033D7B6 /* Debug */,
				D8AFCA562C29EDE20033D7B6 /* Release */,
			);
			defaultConfigurationIsVisible = 0;
			defaultConfigurationName = Release;
		};
		D8AFCA572C29EDE20033D7B6 /* Build configuration list for PBXNativeTarget "Final Project: Nelum" */ = {
			isa = XCConfigurationList;
			buildConfigurations = (
				D8AFCA582C29EDE20033D7B6 /* Debug */,
				D8AFCA592C29EDE20033D7B6 /* Release */,
			);
			defaultConfigurationIsVisible = 0;
			defaultConfigurationName = Release;
		};
		D8AFCA5A2C29EDE20033D7B6 /* Build configuration list for PBXNativeTarget "Final Project: NelumTests" */ = {
			isa = XCConfigurationList;
			buildConfigurations = (
				D8AFCA5B2C29EDE20033D7B6 /* Debug */,
				D8AFCA5C2C29EDE20033D7B6 /* Release */,
			);
			defaultConfigurationIsVisible = 0;
			defaultConfigurationName = Release;
		};
		D8AFCA5D2C29EDE20033D7B6 /* Build configuration list for PBXNativeTarget "Final Project: NelumUITests" */ = {
			isa = XCConfigurationList;
			buildConfigurations = (
				D8AFCA5E2C29EDE20033D7B6 /* Debug */,
				D8AFCA5F2C29EDE20033D7B6 /* Release */,
			);
			defaultConfigurationIsVisible = 0;
			defaultConfigurationName = Release;
		};
/* End XCConfigurationList section */
	};
	rootObject = D8AFCA2B2C29EDDD0033D7B6 /* Project object */;
}
